<?xml version="1.0" encoding="UTF-8" standalone="yes" ?>
<CodeBlocks_project_file>
	<FileVersion major="1" minor="6" />
	<Project>
		<Option title="Trabalho ED" />
		<Option pch_mode="2" />
		<Option compiler="gcc" />
		<Build>
			<Target title="Debug">
				<Option output="bin/Debug/Trabalho ED" prefix_auto="1" extension_auto="1" />
				<Option object_output="obj/Debug/" />
				<Option type="1" />
				<Option compiler="gcc" />
				<Compiler>
					<Add option="-g" />
				</Compiler>
			</Target>
			<Target title="Release">
				<Option output="bin/Release/Trabalho ED" prefix_auto="1" extension_auto="1" />
				<Option object_output="obj/Release/" />
				<Option type="1" />
				<Option compiler="gcc" />
				<Compiler>
					<Add option="-O2" />
				</Compiler>
				<Linker>
					<Add option="-s" />
				</Linker>
			</Target>
		</Build>
		<Compiler>
			<Add option="-Wall" />
		</Compiler>
		<Unit filename="Caixa.h" />
		<Unit filename="Cliente.c">
			<Option compilerVar="CC" />
		</Unit>
		<Unit filename="Cliente.h" />
		<Unit filename="Funcionarios.c">
			<Option compilerVar="CC" />
		</Unit>
		<Unit filename="Funcionarios.h" />
		<Unit filename="Hashing.c">
			<Option compilerVar="CC" />
		</Unit>
		<Unit filename="Hashing.h" />
		<Unit filename="ListaGenerica.c">
			<Option compilerVar="CC" />
		</Unit>
		<Unit filename="ListaGenerica.h" />
		<Unit filename="Produtos.c">
			<Option compilerVar="CC" />
		</Unit>
		<Unit filename="Produtos.h" />
		<Unit filename="Tempo.c">
			<Option compilerVar="CC" />
		</Unit>
		<Unit filename="Tempo.h" />
		<Unit filename="Uteis.c">
			<Option compilerVar="CC" />
		</Unit>
		<Unit filename="Uteis.h" />
		<Unit filename="main.c">
			<Option compilerVar="CC" />
		</Unit>
		<Extensions>
			<lib_finder disable_auto="1" />
		</Extensions>
	</Project>
</CodeBlocks_project_file>
